
Microsoft Visual Studio Solution File, Format Version 12.00
# Visual Studio Version 17
VisualStudioVersion = 17.14.36603.0 d17.14
MinimumVisualStudioVersion = 10.0.40219.1
Project("{FAE04EC0-301F-11D3-BF4B-00C04F79EFBC}") = "必备知识点 控制台相关", "C#入门实践\必备知识点 控制台相关.csproj", "{6E677527-69CA-495F-9C2D-7028C88AC952}"
EndProject
Global
	GlobalSection(SolutionConfigurationPlatforms) = preSolution
		Debug|Any CPU = Debug|Any CPU
		Release|Any CPU = Release|Any CPU
	EndGlobalSection
	GlobalSection(ProjectConfigurationPlatforms) = postSolution
		{6E677527-69CA-495F-9C2D-7028C88AC952}.Debug|Any CPU.ActiveCfg = Debug|Any CPU
		{6E677527-69CA-495F-9C2D-7028C88AC952}.Debug|Any CPU.Build.0 = Debug|Any CPU
		{6E677527-69CA-495F-9C2D-7028C88AC952}.Release|Any CPU.ActiveCfg = Release|Any CPU
		{6E677527-69CA-495F-9C2D-7028C88AC952}.Release|Any CPU.Build.0 = Release|Any CPU
	EndGlobalSection
	GlobalSection(SolutionProperties) = preSolution
		HideSolutionNode = FALSE
	EndGlobalSection
	GlobalSection(ExtensibilityGlobals) = postSolution
		SolutionGuid = {F0A5B13D-DD54-4EDB-813F-2407AC22E87D}
	EndGlobalSection
EndGlobal
